<?xml version="1.0" encoding="UTF-8"?>
<Project ToolsVersion="12.0" xmlns="http://schemas.microsoft.com/developer/msbuild/2003">
  <ItemGroup>
    <ClCompile Include="C:\Users\ssinharoy\Downloads\re2-master\re2\bitstate.cc">
      <Filter>Source Files</Filter>
    </ClCompile>
    <ClCompile Include="C:\Users\ssinharoy\Downloads\re2-master\re2\compile.cc">
      <Filter>Source Files</Filter>
    </ClCompile>
    <ClCompile Include="C:\Users\ssinharoy\Downloads\re2-master\re2\dfa.cc">
      <Filter>Source Files</Filter>
    </ClCompile>
    <ClCompile Include="C:\Users\ssinharoy\Downloads\re2-master\re2\filtered_re2.cc">
      <Filter>Source Files</Filter>
    </ClCompile>
    <ClCompile Include="C:\Users\ssinharoy\Downloads\re2-master\re2\mimics_pcre.cc">
      <Filter>Source Files</Filter>
    </ClCompile>
    <ClCompile Include="C:\Users\ssinharoy\Downloads\re2-master\re2\nfa.cc">
      <Filter>Source Files</Filter>
    </ClCompile>
    <ClCompile Include="C:\Users\ssinharoy\Downloads\re2-master\re2\onepass.cc">
      <Filter>Source Files</Filter>
    </ClCompile>
    <ClCompile Include="C:\Users\ssinharoy\Downloads\re2-master\re2\parse.cc">
      <Filter>Source Files</Filter>
    </ClCompile>
    <ClCompile Include="C:\Users\ssinharoy\Downloads\re2-master\re2\perl_groups.cc">
      <Filter>Source Files</Filter>
    </ClCompile>
    <ClCompile Include="C:\Users\ssinharoy\Downloads\re2-master\re2\prefilter.cc">
      <Filter>Source Files</Filter>
    </ClCompile>
    <ClCompile Include="C:\Users\ssinharoy\Downloads\re2-master\re2\prefilter_tree.cc">
      <Filter>Source Files</Filter>
    </ClCompile>
    <ClCompile Include="C:\Users\ssinharoy\Downloads\re2-master\re2\prog.cc">
      <Filter>Source Files</Filter>
    </ClCompile>
    <ClCompile Include="C:\Users\ssinharoy\Downloads\re2-master\re2\re2.cc">
      <Filter>Source Files</Filter>
    </ClCompile>
    <ClCompile Include="C:\Users\ssinharoy\Downloads\re2-master\re2\regexp.cc">
      <Filter>Source Files</Filter>
    </ClCompile>
    <ClCompile Include="C:\Users\ssinharoy\Downloads\re2-master\re2\set.cc">
      <Filter>Source Files</Filter>
    </ClCompile>
    <ClCompile Include="C:\Users\ssinharoy\Downloads\re2-master\re2\simplify.cc">
      <Filter>Source Files</Filter>
    </ClCompile>
    <ClCompile Include="C:\Users\ssinharoy\Downloads\re2-master\re2\stringpiece.cc">
      <Filter>Source Files</Filter>
    </ClCompile>
    <ClCompile Include="C:\Users\ssinharoy\Downloads\re2-master\re2\tostring.cc">
      <Filter>Source Files</Filter>
    </ClCompile>
    <ClCompile Include="C:\Users\ssinharoy\Downloads\re2-master\re2\unicode_casefold.cc">
      <Filter>Source Files</Filter>
    </ClCompile>
    <ClCompile Include="C:\Users\ssinharoy\Downloads\re2-master\re2\unicode_groups.cc">
      <Filter>Source Files</Filter>
    </ClCompile>
    <ClCompile Include="C:\Users\ssinharoy\Downloads\re2-master\util\rune.cc">
      <Filter>Source Files</Filter>
    </ClCompile>
    <ClCompile Include="C:\Users\ssinharoy\Downloads\re2-master\util\strutil.cc">
      <Filter>Source Files</Filter>
    </ClCompile>
  </ItemGroup>
  <ItemGroup>
    <CustomBuild Include="C:\Users\ssinharoy\Downloads\re2-master\CMakeLists.txt" />
  </ItemGroup>
  <ItemGroup>
    <Filter Include="Source Files">
      <UniqueIdentifier>{01896D13-AC81-344B-8D52-A09D0833BD72}</UniqueIdentifier>
    </Filter>
  </ItemGroup>
</Project>
