Microsoft Visual Studio Solution File, Format Version 12.00
# Visual Studio 2013
Project("{8BC9CEB8-8B4A-11D0-8D11-00A0C91BC942}") = "ALL_BUILD", "ALL_BUILD.vcxproj", "{9D95E05C-015F-309C-A429-39C06C251ED0}"
	ProjectSection(ProjectDependencies) = postProject
		{6A697747-43E7-3AFD-B993-2E8F17CA3055} = {6A697747-43E7-3AFD-B993-2E8F17CA3055}
		{28CE26F7-DC49-37D0-82E8-E3EA984C1EEB} = {28CE26F7-DC49-37D0-82E8-E3EA984C1EEB}
		{2E9B8BDF-0E42-3913-9909-9B7004638CA7} = {2E9B8BDF-0E42-3913-9909-9B7004638CA7}
		{A8EC57BB-FDE3-3642-90D9-B66596762486} = {A8EC57BB-FDE3-3642-90D9-B66596762486}
		{C498DE6B-1361-3F59-9FAA-23E3D8A9228E} = {C498DE6B-1361-3F59-9FAA-23E3D8A9228E}
		{A9FE5006-8457-3A41-84FB-38E90720CE53} = {A9FE5006-8457-3A41-84FB-38E90720CE53}
		{53A15053-B25F-312C-8ACD-C67A518ABB4C} = {53A15053-B25F-312C-8ACD-C67A518ABB4C}
		{16303895-3E59-32DF-BAE4-D8A0E04D3952} = {16303895-3E59-32DF-BAE4-D8A0E04D3952}
		{AC336AF8-6D18-3246-98FC-976810114C20} = {AC336AF8-6D18-3246-98FC-976810114C20}
		{E922906B-890E-3323-9165-44230C062AE0} = {E922906B-890E-3323-9165-44230C062AE0}
		{E9C694C8-4709-33B5-B264-2AB7B27F4B1D} = {E9C694C8-4709-33B5-B264-2AB7B27F4B1D}
		{3BD45071-49AC-359C-AAC7-899FD82CF3C0} = {3BD45071-49AC-359C-AAC7-899FD82CF3C0}
		{A105E8BD-BC89-3490-B58A-AD4369F0CDE4} = {A105E8BD-BC89-3490-B58A-AD4369F0CDE4}
		{B8AFA4B2-283A-301B-BB6E-FBF4B463A001} = {B8AFA4B2-283A-301B-BB6E-FBF4B463A001}
		{2D98529A-D80F-3F92-84AE-376082CC5FD9} = {2D98529A-D80F-3F92-84AE-376082CC5FD9}
		{F5C3A330-AFFD-31FA-BE61-A28774429241} = {F5C3A330-AFFD-31FA-BE61-A28774429241}
		{6B7B0E3A-896E-31F1-85BB-3211DD614C8E} = {6B7B0E3A-896E-31F1-85BB-3211DD614C8E}
		{27F73F16-91AD-3AB0-9149-A07523E3C027} = {27F73F16-91AD-3AB0-9149-A07523E3C027}
		{D835DE0D-DDBD-37EC-B387-053DCAA9C903} = {D835DE0D-DDBD-37EC-B387-053DCAA9C903}
		{3DBDF5C4-9842-3F2A-9186-14BB0BE9BDD4} = {3DBDF5C4-9842-3F2A-9186-14BB0BE9BDD4}
		{348E8463-802B-35AC-8277-3D10CBD33F3C} = {348E8463-802B-35AC-8277-3D10CBD33F3C}
		{C0CEB146-75E1-3B96-AA3F-307145262596} = {C0CEB146-75E1-3B96-AA3F-307145262596}
		{5E686E3F-72BE-36E4-89A9-8488278D1F55} = {5E686E3F-72BE-36E4-89A9-8488278D1F55}
		{D71418D1-5C76-3BE3-AC4F-819794A945E7} = {D71418D1-5C76-3BE3-AC4F-819794A945E7}
	EndProjectSection
EndProject
Project("{8BC9CEB8-8B4A-11D0-8D11-00A0C91BC942}") = "INSTALL", "INSTALL.vcxproj", "{BD384DFB-C738-37AC-AD05-78DB7D5DA45B}"
	ProjectSection(ProjectDependencies) = postProject
		{9D95E05C-015F-309C-A429-39C06C251ED0} = {9D95E05C-015F-309C-A429-39C06C251ED0}
		{6A697747-43E7-3AFD-B993-2E8F17CA3055} = {6A697747-43E7-3AFD-B993-2E8F17CA3055}
	EndProjectSection
EndProject
Project("{8BC9CEB8-8B4A-11D0-8D11-00A0C91BC942}") = "ZERO_CHECK", "ZERO_CHECK.vcxproj", "{6A697747-43E7-3AFD-B993-2E8F17CA3055}"
	ProjectSection(ProjectDependencies) = postProject
	EndProjectSection
EndProject
Project("{8BC9CEB8-8B4A-11D0-8D11-00A0C91BC942}") = "charclass_test", "charclass_test.vcxproj", "{28CE26F7-DC49-37D0-82E8-E3EA984C1EEB}"
	ProjectSection(ProjectDependencies) = postProject
		{6A697747-43E7-3AFD-B993-2E8F17CA3055} = {6A697747-43E7-3AFD-B993-2E8F17CA3055}
		{B8AFA4B2-283A-301B-BB6E-FBF4B463A001} = {B8AFA4B2-283A-301B-BB6E-FBF4B463A001}
		{D71418D1-5C76-3BE3-AC4F-819794A945E7} = {D71418D1-5C76-3BE3-AC4F-819794A945E7}
	EndProjectSection
EndProject
Project("{8BC9CEB8-8B4A-11D0-8D11-00A0C91BC942}") = "compile_test", "compile_test.vcxproj", "{2E9B8BDF-0E42-3913-9909-9B7004638CA7}"
	ProjectSection(ProjectDependencies) = postProject
		{6A697747-43E7-3AFD-B993-2E8F17CA3055} = {6A697747-43E7-3AFD-B993-2E8F17CA3055}
		{B8AFA4B2-283A-301B-BB6E-FBF4B463A001} = {B8AFA4B2-283A-301B-BB6E-FBF4B463A001}
		{D71418D1-5C76-3BE3-AC4F-819794A945E7} = {D71418D1-5C76-3BE3-AC4F-819794A945E7}
	EndProjectSection
EndProject
Project("{8BC9CEB8-8B4A-11D0-8D11-00A0C91BC942}") = "dfa_test", "dfa_test.vcxproj", "{A8EC57BB-FDE3-3642-90D9-B66596762486}"
	ProjectSection(ProjectDependencies) = postProject
		{6A697747-43E7-3AFD-B993-2E8F17CA3055} = {6A697747-43E7-3AFD-B993-2E8F17CA3055}
		{B8AFA4B2-283A-301B-BB6E-FBF4B463A001} = {B8AFA4B2-283A-301B-BB6E-FBF4B463A001}
		{D71418D1-5C76-3BE3-AC4F-819794A945E7} = {D71418D1-5C76-3BE3-AC4F-819794A945E7}
	EndProjectSection
EndProject
Project("{8BC9CEB8-8B4A-11D0-8D11-00A0C91BC942}") = "exhaustive1_test", "exhaustive1_test.vcxproj", "{C498DE6B-1361-3F59-9FAA-23E3D8A9228E}"
	ProjectSection(ProjectDependencies) = postProject
		{6A697747-43E7-3AFD-B993-2E8F17CA3055} = {6A697747-43E7-3AFD-B993-2E8F17CA3055}
		{B8AFA4B2-283A-301B-BB6E-FBF4B463A001} = {B8AFA4B2-283A-301B-BB6E-FBF4B463A001}
		{D71418D1-5C76-3BE3-AC4F-819794A945E7} = {D71418D1-5C76-3BE3-AC4F-819794A945E7}
	EndProjectSection
EndProject
Project("{8BC9CEB8-8B4A-11D0-8D11-00A0C91BC942}") = "exhaustive2_test", "exhaustive2_test.vcxproj", "{A9FE5006-8457-3A41-84FB-38E90720CE53}"
	ProjectSection(ProjectDependencies) = postProject
		{6A697747-43E7-3AFD-B993-2E8F17CA3055} = {6A697747-43E7-3AFD-B993-2E8F17CA3055}
		{B8AFA4B2-283A-301B-BB6E-FBF4B463A001} = {B8AFA4B2-283A-301B-BB6E-FBF4B463A001}
		{D71418D1-5C76-3BE3-AC4F-819794A945E7} = {D71418D1-5C76-3BE3-AC4F-819794A945E7}
	EndProjectSection
EndProject
Project("{8BC9CEB8-8B4A-11D0-8D11-00A0C91BC942}") = "exhaustive3_test", "exhaustive3_test.vcxproj", "{53A15053-B25F-312C-8ACD-C67A518ABB4C}"
	ProjectSection(ProjectDependencies) = postProject
		{6A697747-43E7-3AFD-B993-2E8F17CA3055} = {6A697747-43E7-3AFD-B993-2E8F17CA3055}
		{B8AFA4B2-283A-301B-BB6E-FBF4B463A001} = {B8AFA4B2-283A-301B-BB6E-FBF4B463A001}
		{D71418D1-5C76-3BE3-AC4F-819794A945E7} = {D71418D1-5C76-3BE3-AC4F-819794A945E7}
	EndProjectSection
EndProject
Project("{8BC9CEB8-8B4A-11D0-8D11-00A0C91BC942}") = "exhaustive_test", "exhaustive_test.vcxproj", "{16303895-3E59-32DF-BAE4-D8A0E04D3952}"
	ProjectSection(ProjectDependencies) = postProject
		{6A697747-43E7-3AFD-B993-2E8F17CA3055} = {6A697747-43E7-3AFD-B993-2E8F17CA3055}
		{B8AFA4B2-283A-301B-BB6E-FBF4B463A001} = {B8AFA4B2-283A-301B-BB6E-FBF4B463A001}
		{D71418D1-5C76-3BE3-AC4F-819794A945E7} = {D71418D1-5C76-3BE3-AC4F-819794A945E7}
	EndProjectSection
EndProject
Project("{8BC9CEB8-8B4A-11D0-8D11-00A0C91BC942}") = "filtered_re2_test", "filtered_re2_test.vcxproj", "{AC336AF8-6D18-3246-98FC-976810114C20}"
	ProjectSection(ProjectDependencies) = postProject
		{6A697747-43E7-3AFD-B993-2E8F17CA3055} = {6A697747-43E7-3AFD-B993-2E8F17CA3055}
		{B8AFA4B2-283A-301B-BB6E-FBF4B463A001} = {B8AFA4B2-283A-301B-BB6E-FBF4B463A001}
		{D71418D1-5C76-3BE3-AC4F-819794A945E7} = {D71418D1-5C76-3BE3-AC4F-819794A945E7}
	EndProjectSection
EndProject
Project("{8BC9CEB8-8B4A-11D0-8D11-00A0C91BC942}") = "mimics_pcre_test", "mimics_pcre_test.vcxproj", "{E922906B-890E-3323-9165-44230C062AE0}"
	ProjectSection(ProjectDependencies) = postProject
		{6A697747-43E7-3AFD-B993-2E8F17CA3055} = {6A697747-43E7-3AFD-B993-2E8F17CA3055}
		{B8AFA4B2-283A-301B-BB6E-FBF4B463A001} = {B8AFA4B2-283A-301B-BB6E-FBF4B463A001}
		{D71418D1-5C76-3BE3-AC4F-819794A945E7} = {D71418D1-5C76-3BE3-AC4F-819794A945E7}
	EndProjectSection
EndProject
Project("{8BC9CEB8-8B4A-11D0-8D11-00A0C91BC942}") = "parse_test", "parse_test.vcxproj", "{E9C694C8-4709-33B5-B264-2AB7B27F4B1D}"
	ProjectSection(ProjectDependencies) = postProject
		{6A697747-43E7-3AFD-B993-2E8F17CA3055} = {6A697747-43E7-3AFD-B993-2E8F17CA3055}
		{B8AFA4B2-283A-301B-BB6E-FBF4B463A001} = {B8AFA4B2-283A-301B-BB6E-FBF4B463A001}
		{D71418D1-5C76-3BE3-AC4F-819794A945E7} = {D71418D1-5C76-3BE3-AC4F-819794A945E7}
	EndProjectSection
EndProject
Project("{8BC9CEB8-8B4A-11D0-8D11-00A0C91BC942}") = "possible_match_test", "possible_match_test.vcxproj", "{3BD45071-49AC-359C-AAC7-899FD82CF3C0}"
	ProjectSection(ProjectDependencies) = postProject
		{6A697747-43E7-3AFD-B993-2E8F17CA3055} = {6A697747-43E7-3AFD-B993-2E8F17CA3055}
		{B8AFA4B2-283A-301B-BB6E-FBF4B463A001} = {B8AFA4B2-283A-301B-BB6E-FBF4B463A001}
		{D71418D1-5C76-3BE3-AC4F-819794A945E7} = {D71418D1-5C76-3BE3-AC4F-819794A945E7}
	EndProjectSection
EndProject
Project("{8BC9CEB8-8B4A-11D0-8D11-00A0C91BC942}") = "random_test", "random_test.vcxproj", "{A105E8BD-BC89-3490-B58A-AD4369F0CDE4}"
	ProjectSection(ProjectDependencies) = postProject
		{6A697747-43E7-3AFD-B993-2E8F17CA3055} = {6A697747-43E7-3AFD-B993-2E8F17CA3055}
		{B8AFA4B2-283A-301B-BB6E-FBF4B463A001} = {B8AFA4B2-283A-301B-BB6E-FBF4B463A001}
		{D71418D1-5C76-3BE3-AC4F-819794A945E7} = {D71418D1-5C76-3BE3-AC4F-819794A945E7}
	EndProjectSection
EndProject
Project("{8BC9CEB8-8B4A-11D0-8D11-00A0C91BC942}") = "re2", "re2.vcxproj", "{B8AFA4B2-283A-301B-BB6E-FBF4B463A001}"
	ProjectSection(ProjectDependencies) = postProject
		{6A697747-43E7-3AFD-B993-2E8F17CA3055} = {6A697747-43E7-3AFD-B993-2E8F17CA3055}
	EndProjectSection
EndProject
Project("{8BC9CEB8-8B4A-11D0-8D11-00A0C91BC942}") = "re2_arg_test", "re2_arg_test.vcxproj", "{2D98529A-D80F-3F92-84AE-376082CC5FD9}"
	ProjectSection(ProjectDependencies) = postProject
		{6A697747-43E7-3AFD-B993-2E8F17CA3055} = {6A697747-43E7-3AFD-B993-2E8F17CA3055}
		{B8AFA4B2-283A-301B-BB6E-FBF4B463A001} = {B8AFA4B2-283A-301B-BB6E-FBF4B463A001}
		{D71418D1-5C76-3BE3-AC4F-819794A945E7} = {D71418D1-5C76-3BE3-AC4F-819794A945E7}
	EndProjectSection
EndProject
Project("{8BC9CEB8-8B4A-11D0-8D11-00A0C91BC942}") = "re2_test", "re2_test.vcxproj", "{F5C3A330-AFFD-31FA-BE61-A28774429241}"
	ProjectSection(ProjectDependencies) = postProject
		{6A697747-43E7-3AFD-B993-2E8F17CA3055} = {6A697747-43E7-3AFD-B993-2E8F17CA3055}
		{B8AFA4B2-283A-301B-BB6E-FBF4B463A001} = {B8AFA4B2-283A-301B-BB6E-FBF4B463A001}
		{D71418D1-5C76-3BE3-AC4F-819794A945E7} = {D71418D1-5C76-3BE3-AC4F-819794A945E7}
	EndProjectSection
EndProject
Project("{8BC9CEB8-8B4A-11D0-8D11-00A0C91BC942}") = "regexp_benchmark", "regexp_benchmark.vcxproj", "{6B7B0E3A-896E-31F1-85BB-3211DD614C8E}"
	ProjectSection(ProjectDependencies) = postProject
		{6A697747-43E7-3AFD-B993-2E8F17CA3055} = {6A697747-43E7-3AFD-B993-2E8F17CA3055}
		{B8AFA4B2-283A-301B-BB6E-FBF4B463A001} = {B8AFA4B2-283A-301B-BB6E-FBF4B463A001}
		{D71418D1-5C76-3BE3-AC4F-819794A945E7} = {D71418D1-5C76-3BE3-AC4F-819794A945E7}
	EndProjectSection
EndProject
Project("{8BC9CEB8-8B4A-11D0-8D11-00A0C91BC942}") = "regexp_test", "regexp_test.vcxproj", "{27F73F16-91AD-3AB0-9149-A07523E3C027}"
	ProjectSection(ProjectDependencies) = postProject
		{6A697747-43E7-3AFD-B993-2E8F17CA3055} = {6A697747-43E7-3AFD-B993-2E8F17CA3055}
		{B8AFA4B2-283A-301B-BB6E-FBF4B463A001} = {B8AFA4B2-283A-301B-BB6E-FBF4B463A001}
		{D71418D1-5C76-3BE3-AC4F-819794A945E7} = {D71418D1-5C76-3BE3-AC4F-819794A945E7}
	EndProjectSection
EndProject
Project("{8BC9CEB8-8B4A-11D0-8D11-00A0C91BC942}") = "required_prefix_test", "required_prefix_test.vcxproj", "{D835DE0D-DDBD-37EC-B387-053DCAA9C903}"
	ProjectSection(ProjectDependencies) = postProject
		{6A697747-43E7-3AFD-B993-2E8F17CA3055} = {6A697747-43E7-3AFD-B993-2E8F17CA3055}
		{B8AFA4B2-283A-301B-BB6E-FBF4B463A001} = {B8AFA4B2-283A-301B-BB6E-FBF4B463A001}
		{D71418D1-5C76-3BE3-AC4F-819794A945E7} = {D71418D1-5C76-3BE3-AC4F-819794A945E7}
	EndProjectSection
EndProject
Project("{8BC9CEB8-8B4A-11D0-8D11-00A0C91BC942}") = "search_test", "search_test.vcxproj", "{3DBDF5C4-9842-3F2A-9186-14BB0BE9BDD4}"
	ProjectSection(ProjectDependencies) = postProject
		{6A697747-43E7-3AFD-B993-2E8F17CA3055} = {6A697747-43E7-3AFD-B993-2E8F17CA3055}
		{B8AFA4B2-283A-301B-BB6E-FBF4B463A001} = {B8AFA4B2-283A-301B-BB6E-FBF4B463A001}
		{D71418D1-5C76-3BE3-AC4F-819794A945E7} = {D71418D1-5C76-3BE3-AC4F-819794A945E7}
	EndProjectSection
EndProject
Project("{8BC9CEB8-8B4A-11D0-8D11-00A0C91BC942}") = "set_test", "set_test.vcxproj", "{348E8463-802B-35AC-8277-3D10CBD33F3C}"
	ProjectSection(ProjectDependencies) = postProject
		{6A697747-43E7-3AFD-B993-2E8F17CA3055} = {6A697747-43E7-3AFD-B993-2E8F17CA3055}
		{B8AFA4B2-283A-301B-BB6E-FBF4B463A001} = {B8AFA4B2-283A-301B-BB6E-FBF4B463A001}
		{D71418D1-5C76-3BE3-AC4F-819794A945E7} = {D71418D1-5C76-3BE3-AC4F-819794A945E7}
	EndProjectSection
EndProject
Project("{8BC9CEB8-8B4A-11D0-8D11-00A0C91BC942}") = "simplify_test", "simplify_test.vcxproj", "{C0CEB146-75E1-3B96-AA3F-307145262596}"
	ProjectSection(ProjectDependencies) = postProject
		{6A697747-43E7-3AFD-B993-2E8F17CA3055} = {6A697747-43E7-3AFD-B993-2E8F17CA3055}
		{B8AFA4B2-283A-301B-BB6E-FBF4B463A001} = {B8AFA4B2-283A-301B-BB6E-FBF4B463A001}
		{D71418D1-5C76-3BE3-AC4F-819794A945E7} = {D71418D1-5C76-3BE3-AC4F-819794A945E7}
	EndProjectSection
EndProject
Project("{8BC9CEB8-8B4A-11D0-8D11-00A0C91BC942}") = "string_generator_test", "string_generator_test.vcxproj", "{5E686E3F-72BE-36E4-89A9-8488278D1F55}"
	ProjectSection(ProjectDependencies) = postProject
		{6A697747-43E7-3AFD-B993-2E8F17CA3055} = {6A697747-43E7-3AFD-B993-2E8F17CA3055}
		{B8AFA4B2-283A-301B-BB6E-FBF4B463A001} = {B8AFA4B2-283A-301B-BB6E-FBF4B463A001}
		{D71418D1-5C76-3BE3-AC4F-819794A945E7} = {D71418D1-5C76-3BE3-AC4F-819794A945E7}
	EndProjectSection
EndProject
Project("{8BC9CEB8-8B4A-11D0-8D11-00A0C91BC942}") = "testing", "testing.vcxproj", "{D71418D1-5C76-3BE3-AC4F-819794A945E7}"
	ProjectSection(ProjectDependencies) = postProject
		{6A697747-43E7-3AFD-B993-2E8F17CA3055} = {6A697747-43E7-3AFD-B993-2E8F17CA3055}
	EndProjectSection
EndProject
Global
	GlobalSection(SolutionConfigurationPlatforms) = preSolution
		Debug|x64 = Debug|x64
		Release|x64 = Release|x64
		MinSizeRel|x64 = MinSizeRel|x64
		RelWithDebInfo|x64 = RelWithDebInfo|x64
	EndGlobalSection
	GlobalSection(ProjectConfigurationPlatforms) = postSolution
		{9D95E05C-015F-309C-A429-39C06C251ED0}.Debug|x64.ActiveCfg = Debug|x64
		{9D95E05C-015F-309C-A429-39C06C251ED0}.Debug|x64.Build.0 = Debug|x64
		{9D95E05C-015F-309C-A429-39C06C251ED0}.Release|x64.ActiveCfg = Release|x64
		{9D95E05C-015F-309C-A429-39C06C251ED0}.Release|x64.Build.0 = Release|x64
		{9D95E05C-015F-309C-A429-39C06C251ED0}.MinSizeRel|x64.ActiveCfg = MinSizeRel|x64
		{9D95E05C-015F-309C-A429-39C06C251ED0}.MinSizeRel|x64.Build.0 = MinSizeRel|x64
		{9D95E05C-015F-309C-A429-39C06C251ED0}.RelWithDebInfo|x64.ActiveCfg = RelWithDebInfo|x64
		{9D95E05C-015F-309C-A429-39C06C251ED0}.RelWithDebInfo|x64.Build.0 = RelWithDebInfo|x64
		{BD384DFB-C738-37AC-AD05-78DB7D5DA45B}.Debug|x64.ActiveCfg = Debug|x64
		{BD384DFB-C738-37AC-AD05-78DB7D5DA45B}.Release|x64.ActiveCfg = Release|x64
		{BD384DFB-C738-37AC-AD05-78DB7D5DA45B}.MinSizeRel|x64.ActiveCfg = MinSizeRel|x64
		{BD384DFB-C738-37AC-AD05-78DB7D5DA45B}.RelWithDebInfo|x64.ActiveCfg = RelWithDebInfo|x64
		{6A697747-43E7-3AFD-B993-2E8F17CA3055}.Debug|x64.ActiveCfg = Debug|x64
		{6A697747-43E7-3AFD-B993-2E8F17CA3055}.Debug|x64.Build.0 = Debug|x64
		{6A697747-43E7-3AFD-B993-2E8F17CA3055}.Release|x64.ActiveCfg = Release|x64
		{6A697747-43E7-3AFD-B993-2E8F17CA3055}.Release|x64.Build.0 = Release|x64
		{6A697747-43E7-3AFD-B993-2E8F17CA3055}.MinSizeRel|x64.ActiveCfg = MinSizeRel|x64
		{6A697747-43E7-3AFD-B993-2E8F17CA3055}.MinSizeRel|x64.Build.0 = MinSizeRel|x64
		{6A697747-43E7-3AFD-B993-2E8F17CA3055}.RelWithDebInfo|x64.ActiveCfg = RelWithDebInfo|x64
		{6A697747-43E7-3AFD-B993-2E8F17CA3055}.RelWithDebInfo|x64.Build.0 = RelWithDebInfo|x64
		{28CE26F7-DC49-37D0-82E8-E3EA984C1EEB}.Debug|x64.ActiveCfg = Debug|x64
		{28CE26F7-DC49-37D0-82E8-E3EA984C1EEB}.Debug|x64.Build.0 = Debug|x64
		{28CE26F7-DC49-37D0-82E8-E3EA984C1EEB}.Release|x64.ActiveCfg = Release|x64
		{28CE26F7-DC49-37D0-82E8-E3EA984C1EEB}.Release|x64.Build.0 = Release|x64
		{28CE26F7-DC49-37D0-82E8-E3EA984C1EEB}.MinSizeRel|x64.ActiveCfg = MinSizeRel|x64
		{28CE26F7-DC49-37D0-82E8-E3EA984C1EEB}.MinSizeRel|x64.Build.0 = MinSizeRel|x64
		{28CE26F7-DC49-37D0-82E8-E3EA984C1EEB}.RelWithDebInfo|x64.ActiveCfg = RelWithDebInfo|x64
		{28CE26F7-DC49-37D0-82E8-E3EA984C1EEB}.RelWithDebInfo|x64.Build.0 = RelWithDebInfo|x64
		{2E9B8BDF-0E42-3913-9909-9B7004638CA7}.Debug|x64.ActiveCfg = Debug|x64
		{2E9B8BDF-0E42-3913-9909-9B7004638CA7}.Debug|x64.Build.0 = Debug|x64
		{2E9B8BDF-0E42-3913-9909-9B7004638CA7}.Release|x64.ActiveCfg = Release|x64
		{2E9B8BDF-0E42-3913-9909-9B7004638CA7}.Release|x64.Build.0 = Release|x64
		{2E9B8BDF-0E42-3913-9909-9B7004638CA7}.MinSizeRel|x64.ActiveCfg = MinSizeRel|x64
		{2E9B8BDF-0E42-3913-9909-9B7004638CA7}.MinSizeRel|x64.Build.0 = MinSizeRel|x64
		{2E9B8BDF-0E42-3913-9909-9B7004638CA7}.RelWithDebInfo|x64.ActiveCfg = RelWithDebInfo|x64
		{2E9B8BDF-0E42-3913-9909-9B7004638CA7}.RelWithDebInfo|x64.Build.0 = RelWithDebInfo|x64
		{A8EC57BB-FDE3-3642-90D9-B66596762486}.Debug|x64.ActiveCfg = Debug|x64
		{A8EC57BB-FDE3-3642-90D9-B66596762486}.Debug|x64.Build.0 = Debug|x64
		{A8EC57BB-FDE3-3642-90D9-B66596762486}.Release|x64.ActiveCfg = Release|x64
		{A8EC57BB-FDE3-3642-90D9-B66596762486}.Release|x64.Build.0 = Release|x64
		{A8EC57BB-FDE3-3642-90D9-B66596762486}.MinSizeRel|x64.ActiveCfg = MinSizeRel|x64
		{A8EC57BB-FDE3-3642-90D9-B66596762486}.MinSizeRel|x64.Build.0 = MinSizeRel|x64
		{A8EC57BB-FDE3-3642-90D9-B66596762486}.RelWithDebInfo|x64.ActiveCfg = RelWithDebInfo|x64
		{A8EC57BB-FDE3-3642-90D9-B66596762486}.RelWithDebInfo|x64.Build.0 = RelWithDebInfo|x64
		{C498DE6B-1361-3F59-9FAA-23E3D8A9228E}.Debug|x64.ActiveCfg = Debug|x64
		{C498DE6B-1361-3F59-9FAA-23E3D8A9228E}.Debug|x64.Build.0 = Debug|x64
		{C498DE6B-1361-3F59-9FAA-23E3D8A9228E}.Release|x64.ActiveCfg = Release|x64
		{C498DE6B-1361-3F59-9FAA-23E3D8A9228E}.Release|x64.Build.0 = Release|x64
		{C498DE6B-1361-3F59-9FAA-23E3D8A9228E}.MinSizeRel|x64.ActiveCfg = MinSizeRel|x64
		{C498DE6B-1361-3F59-9FAA-23E3D8A9228E}.MinSizeRel|x64.Build.0 = MinSizeRel|x64
		{C498DE6B-1361-3F59-9FAA-23E3D8A9228E}.RelWithDebInfo|x64.ActiveCfg = RelWithDebInfo|x64
		{C498DE6B-1361-3F59-9FAA-23E3D8A9228E}.RelWithDebInfo|x64.Build.0 = RelWithDebInfo|x64
		{A9FE5006-8457-3A41-84FB-38E90720CE53}.Debug|x64.ActiveCfg = Debug|x64
		{A9FE5006-8457-3A41-84FB-38E90720CE53}.Debug|x64.Build.0 = Debug|x64
		{A9FE5006-8457-3A41-84FB-38E90720CE53}.Release|x64.ActiveCfg = Release|x64
		{A9FE5006-8457-3A41-84FB-38E90720CE53}.Release|x64.Build.0 = Release|x64
		{A9FE5006-8457-3A41-84FB-38E90720CE53}.MinSizeRel|x64.ActiveCfg = MinSizeRel|x64
		{A9FE5006-8457-3A41-84FB-38E90720CE53}.MinSizeRel|x64.Build.0 = MinSizeRel|x64
		{A9FE5006-8457-3A41-84FB-38E90720CE53}.RelWithDebInfo|x64.ActiveCfg = RelWithDebInfo|x64
		{A9FE5006-8457-3A41-84FB-38E90720CE53}.RelWithDebInfo|x64.Build.0 = RelWithDebInfo|x64
		{53A15053-B25F-312C-8ACD-C67A518ABB4C}.Debug|x64.ActiveCfg = Debug|x64
		{53A15053-B25F-312C-8ACD-C67A518ABB4C}.Debug|x64.Build.0 = Debug|x64
		{53A15053-B25F-312C-8ACD-C67A518ABB4C}.Release|x64.ActiveCfg = Release|x64
		{53A15053-B25F-312C-8ACD-C67A518ABB4C}.Release|x64.Build.0 = Release|x64
		{53A15053-B25F-312C-8ACD-C67A518ABB4C}.MinSizeRel|x64.ActiveCfg = MinSizeRel|x64
		{53A15053-B25F-312C-8ACD-C67A518ABB4C}.MinSizeRel|x64.Build.0 = MinSizeRel|x64
		{53A15053-B25F-312C-8ACD-C67A518ABB4C}.RelWithDebInfo|x64.ActiveCfg = RelWithDebInfo|x64
		{53A15053-B25F-312C-8ACD-C67A518ABB4C}.RelWithDebInfo|x64.Build.0 = RelWithDebInfo|x64
		{16303895-3E59-32DF-BAE4-D8A0E04D3952}.Debug|x64.ActiveCfg = Debug|x64
		{16303895-3E59-32DF-BAE4-D8A0E04D3952}.Debug|x64.Build.0 = Debug|x64
		{16303895-3E59-32DF-BAE4-D8A0E04D3952}.Release|x64.ActiveCfg = Release|x64
		{16303895-3E59-32DF-BAE4-D8A0E04D3952}.Release|x64.Build.0 = Release|x64
		{16303895-3E59-32DF-BAE4-D8A0E04D3952}.MinSizeRel|x64.ActiveCfg = MinSizeRel|x64
		{16303895-3E59-32DF-BAE4-D8A0E04D3952}.MinSizeRel|x64.Build.0 = MinSizeRel|x64
		{16303895-3E59-32DF-BAE4-D8A0E04D3952}.RelWithDebInfo|x64.ActiveCfg = RelWithDebInfo|x64
		{16303895-3E59-32DF-BAE4-D8A0E04D3952}.RelWithDebInfo|x64.Build.0 = RelWithDebInfo|x64
		{AC336AF8-6D18-3246-98FC-976810114C20}.Debug|x64.ActiveCfg = Debug|x64
		{AC336AF8-6D18-3246-98FC-976810114C20}.Debug|x64.Build.0 = Debug|x64
		{AC336AF8-6D18-3246-98FC-976810114C20}.Release|x64.ActiveCfg = Release|x64
		{AC336AF8-6D18-3246-98FC-976810114C20}.Release|x64.Build.0 = Release|x64
		{AC336AF8-6D18-3246-98FC-976810114C20}.MinSizeRel|x64.ActiveCfg = MinSizeRel|x64
		{AC336AF8-6D18-3246-98FC-976810114C20}.MinSizeRel|x64.Build.0 = MinSizeRel|x64
		{AC336AF8-6D18-3246-98FC-976810114C20}.RelWithDebInfo|x64.ActiveCfg = RelWithDebInfo|x64
		{AC336AF8-6D18-3246-98FC-976810114C20}.RelWithDebInfo|x64.Build.0 = RelWithDebInfo|x64
		{E922906B-890E-3323-9165-44230C062AE0}.Debug|x64.ActiveCfg = Debug|x64
		{E922906B-890E-3323-9165-44230C062AE0}.Debug|x64.Build.0 = Debug|x64
		{E922906B-890E-3323-9165-44230C062AE0}.Release|x64.ActiveCfg = Release|x64
		{E922906B-890E-3323-9165-44230C062AE0}.Release|x64.Build.0 = Release|x64
		{E922906B-890E-3323-9165-44230C062AE0}.MinSizeRel|x64.ActiveCfg = MinSizeRel|x64
		{E922906B-890E-3323-9165-44230C062AE0}.MinSizeRel|x64.Build.0 = MinSizeRel|x64
		{E922906B-890E-3323-9165-44230C062AE0}.RelWithDebInfo|x64.ActiveCfg = RelWithDebInfo|x64
		{E922906B-890E-3323-9165-44230C062AE0}.RelWithDebInfo|x64.Build.0 = RelWithDebInfo|x64
		{E9C694C8-4709-33B5-B264-2AB7B27F4B1D}.Debug|x64.ActiveCfg = Debug|x64
		{E9C694C8-4709-33B5-B264-2AB7B27F4B1D}.Debug|x64.Build.0 = Debug|x64
		{E9C694C8-4709-33B5-B264-2AB7B27F4B1D}.Release|x64.ActiveCfg = Release|x64
		{E9C694C8-4709-33B5-B264-2AB7B27F4B1D}.Release|x64.Build.0 = Release|x64
		{E9C694C8-4709-33B5-B264-2AB7B27F4B1D}.MinSizeRel|x64.ActiveCfg = MinSizeRel|x64
		{E9C694C8-4709-33B5-B264-2AB7B27F4B1D}.MinSizeRel|x64.Build.0 = MinSizeRel|x64
		{E9C694C8-4709-33B5-B264-2AB7B27F4B1D}.RelWithDebInfo|x64.ActiveCfg = RelWithDebInfo|x64
		{E9C694C8-4709-33B5-B264-2AB7B27F4B1D}.RelWithDebInfo|x64.Build.0 = RelWithDebInfo|x64
		{3BD45071-49AC-359C-AAC7-899FD82CF3C0}.Debug|x64.ActiveCfg = Debug|x64
		{3BD45071-49AC-359C-AAC7-899FD82CF3C0}.Debug|x64.Build.0 = Debug|x64
		{3BD45071-49AC-359C-AAC7-899FD82CF3C0}.Release|x64.ActiveCfg = Release|x64
		{3BD45071-49AC-359C-AAC7-899FD82CF3C0}.Release|x64.Build.0 = Release|x64
		{3BD45071-49AC-359C-AAC7-899FD82CF3C0}.MinSizeRel|x64.ActiveCfg = MinSizeRel|x64
		{3BD45071-49AC-359C-AAC7-899FD82CF3C0}.MinSizeRel|x64.Build.0 = MinSizeRel|x64
		{3BD45071-49AC-359C-AAC7-899FD82CF3C0}.RelWithDebInfo|x64.ActiveCfg = RelWithDebInfo|x64
		{3BD45071-49AC-359C-AAC7-899FD82CF3C0}.RelWithDebInfo|x64.Build.0 = RelWithDebInfo|x64
		{A105E8BD-BC89-3490-B58A-AD4369F0CDE4}.Debug|x64.ActiveCfg = Debug|x64
		{A105E8BD-BC89-3490-B58A-AD4369F0CDE4}.Debug|x64.Build.0 = Debug|x64
		{A105E8BD-BC89-3490-B58A-AD4369F0CDE4}.Release|x64.ActiveCfg = Release|x64
		{A105E8BD-BC89-3490-B58A-AD4369F0CDE4}.Release|x64.Build.0 = Release|x64
		{A105E8BD-BC89-3490-B58A-AD4369F0CDE4}.MinSizeRel|x64.ActiveCfg = MinSizeRel|x64
		{A105E8BD-BC89-3490-B58A-AD4369F0CDE4}.MinSizeRel|x64.Build.0 = MinSizeRel|x64
		{A105E8BD-BC89-3490-B58A-AD4369F0CDE4}.RelWithDebInfo|x64.ActiveCfg = RelWithDebInfo|x64
		{A105E8BD-BC89-3490-B58A-AD4369F0CDE4}.RelWithDebInfo|x64.Build.0 = RelWithDebInfo|x64
		{B8AFA4B2-283A-301B-BB6E-FBF4B463A001}.Debug|x64.ActiveCfg = Debug|x64
		{B8AFA4B2-283A-301B-BB6E-FBF4B463A001}.Debug|x64.Build.0 = Debug|x64
		{B8AFA4B2-283A-301B-BB6E-FBF4B463A001}.Release|x64.ActiveCfg = Release|x64
		{B8AFA4B2-283A-301B-BB6E-FBF4B463A001}.Release|x64.Build.0 = Release|x64
		{B8AFA4B2-283A-301B-BB6E-FBF4B463A001}.MinSizeRel|x64.ActiveCfg = MinSizeRel|x64
		{B8AFA4B2-283A-301B-BB6E-FBF4B463A001}.MinSizeRel|x64.Build.0 = MinSizeRel|x64
		{B8AFA4B2-283A-301B-BB6E-FBF4B463A001}.RelWithDebInfo|x64.ActiveCfg = RelWithDebInfo|x64
		{B8AFA4B2-283A-301B-BB6E-FBF4B463A001}.RelWithDebInfo|x64.Build.0 = RelWithDebInfo|x64
		{2D98529A-D80F-3F92-84AE-376082CC5FD9}.Debug|x64.ActiveCfg = Debug|x64
		{2D98529A-D80F-3F92-84AE-376082CC5FD9}.Debug|x64.Build.0 = Debug|x64
		{2D98529A-D80F-3F92-84AE-376082CC5FD9}.Release|x64.ActiveCfg = Release|x64
		{2D98529A-D80F-3F92-84AE-376082CC5FD9}.Release|x64.Build.0 = Release|x64
		{2D98529A-D80F-3F92-84AE-376082CC5FD9}.MinSizeRel|x64.ActiveCfg = MinSizeRel|x64
		{2D98529A-D80F-3F92-84AE-376082CC5FD9}.MinSizeRel|x64.Build.0 = MinSizeRel|x64
		{2D98529A-D80F-3F92-84AE-376082CC5FD9}.RelWithDebInfo|x64.ActiveCfg = RelWithDebInfo|x64
		{2D98529A-D80F-3F92-84AE-376082CC5FD9}.RelWithDebInfo|x64.Build.0 = RelWithDebInfo|x64
		{F5C3A330-AFFD-31FA-BE61-A28774429241}.Debug|x64.ActiveCfg = Debug|x64
		{F5C3A330-AFFD-31FA-BE61-A28774429241}.Debug|x64.Build.0 = Debug|x64
		{F5C3A330-AFFD-31FA-BE61-A28774429241}.Release|x64.ActiveCfg = Release|x64
		{F5C3A330-AFFD-31FA-BE61-A28774429241}.Release|x64.Build.0 = Release|x64
		{F5C3A330-AFFD-31FA-BE61-A28774429241}.MinSizeRel|x64.ActiveCfg = MinSizeRel|x64
		{F5C3A330-AFFD-31FA-BE61-A28774429241}.MinSizeRel|x64.Build.0 = MinSizeRel|x64
		{F5C3A330-AFFD-31FA-BE61-A28774429241}.RelWithDebInfo|x64.ActiveCfg = RelWithDebInfo|x64
		{F5C3A330-AFFD-31FA-BE61-A28774429241}.RelWithDebInfo|x64.Build.0 = RelWithDebInfo|x64
		{6B7B0E3A-896E-31F1-85BB-3211DD614C8E}.Debug|x64.ActiveCfg = Debug|x64
		{6B7B0E3A-896E-31F1-85BB-3211DD614C8E}.Debug|x64.Build.0 = Debug|x64
		{6B7B0E3A-896E-31F1-85BB-3211DD614C8E}.Release|x64.ActiveCfg = Release|x64
		{6B7B0E3A-896E-31F1-85BB-3211DD614C8E}.Release|x64.Build.0 = Release|x64
		{6B7B0E3A-896E-31F1-85BB-3211DD614C8E}.MinSizeRel|x64.ActiveCfg = MinSizeRel|x64
		{6B7B0E3A-896E-31F1-85BB-3211DD614C8E}.MinSizeRel|x64.Build.0 = MinSizeRel|x64
		{6B7B0E3A-896E-31F1-85BB-3211DD614C8E}.RelWithDebInfo|x64.ActiveCfg = RelWithDebInfo|x64
		{6B7B0E3A-896E-31F1-85BB-3211DD614C8E}.RelWithDebInfo|x64.Build.0 = RelWithDebInfo|x64
		{27F73F16-91AD-3AB0-9149-A07523E3C027}.Debug|x64.ActiveCfg = Debug|x64
		{27F73F16-91AD-3AB0-9149-A07523E3C027}.Debug|x64.Build.0 = Debug|x64
		{27F73F16-91AD-3AB0-9149-A07523E3C027}.Release|x64.ActiveCfg = Release|x64
		{27F73F16-91AD-3AB0-9149-A07523E3C027}.Release|x64.Build.0 = Release|x64
		{27F73F16-91AD-3AB0-9149-A07523E3C027}.MinSizeRel|x64.ActiveCfg = MinSizeRel|x64
		{27F73F16-91AD-3AB0-9149-A07523E3C027}.MinSizeRel|x64.Build.0 = MinSizeRel|x64
		{27F73F16-91AD-3AB0-9149-A07523E3C027}.RelWithDebInfo|x64.ActiveCfg = RelWithDebInfo|x64
		{27F73F16-91AD-3AB0-9149-A07523E3C027}.RelWithDebInfo|x64.Build.0 = RelWithDebInfo|x64
		{D835DE0D-DDBD-37EC-B387-053DCAA9C903}.Debug|x64.ActiveCfg = Debug|x64
		{D835DE0D-DDBD-37EC-B387-053DCAA9C903}.Debug|x64.Build.0 = Debug|x64
		{D835DE0D-DDBD-37EC-B387-053DCAA9C903}.Release|x64.ActiveCfg = Release|x64
		{D835DE0D-DDBD-37EC-B387-053DCAA9C903}.Release|x64.Build.0 = Release|x64
		{D835DE0D-DDBD-37EC-B387-053DCAA9C903}.MinSizeRel|x64.ActiveCfg = MinSizeRel|x64
		{D835DE0D-DDBD-37EC-B387-053DCAA9C903}.MinSizeRel|x64.Build.0 = MinSizeRel|x64
		{D835DE0D-DDBD-37EC-B387-053DCAA9C903}.RelWithDebInfo|x64.ActiveCfg = RelWithDebInfo|x64
		{D835DE0D-DDBD-37EC-B387-053DCAA9C903}.RelWithDebInfo|x64.Build.0 = RelWithDebInfo|x64
		{3DBDF5C4-9842-3F2A-9186-14BB0BE9BDD4}.Debug|x64.ActiveCfg = Debug|x64
		{3DBDF5C4-9842-3F2A-9186-14BB0BE9BDD4}.Debug|x64.Build.0 = Debug|x64
		{3DBDF5C4-9842-3F2A-9186-14BB0BE9BDD4}.Release|x64.ActiveCfg = Release|x64
		{3DBDF5C4-9842-3F2A-9186-14BB0BE9BDD4}.Release|x64.Build.0 = Release|x64
		{3DBDF5C4-9842-3F2A-9186-14BB0BE9BDD4}.MinSizeRel|x64.ActiveCfg = MinSizeRel|x64
		{3DBDF5C4-9842-3F2A-9186-14BB0BE9BDD4}.MinSizeRel|x64.Build.0 = MinSizeRel|x64
		{3DBDF5C4-9842-3F2A-9186-14BB0BE9BDD4}.RelWithDebInfo|x64.ActiveCfg = RelWithDebInfo|x64
		{3DBDF5C4-9842-3F2A-9186-14BB0BE9BDD4}.RelWithDebInfo|x64.Build.0 = RelWithDebInfo|x64
		{348E8463-802B-35AC-8277-3D10CBD33F3C}.Debug|x64.ActiveCfg = Debug|x64
		{348E8463-802B-35AC-8277-3D10CBD33F3C}.Debug|x64.Build.0 = Debug|x64
		{348E8463-802B-35AC-8277-3D10CBD33F3C}.Release|x64.ActiveCfg = Release|x64
		{348E8463-802B-35AC-8277-3D10CBD33F3C}.Release|x64.Build.0 = Release|x64
		{348E8463-802B-35AC-8277-3D10CBD33F3C}.MinSizeRel|x64.ActiveCfg = MinSizeRel|x64
		{348E8463-802B-35AC-8277-3D10CBD33F3C}.MinSizeRel|x64.Build.0 = MinSizeRel|x64
		{348E8463-802B-35AC-8277-3D10CBD33F3C}.RelWithDebInfo|x64.ActiveCfg = RelWithDebInfo|x64
		{348E8463-802B-35AC-8277-3D10CBD33F3C}.RelWithDebInfo|x64.Build.0 = RelWithDebInfo|x64
		{C0CEB146-75E1-3B96-AA3F-307145262596}.Debug|x64.ActiveCfg = Debug|x64
		{C0CEB146-75E1-3B96-AA3F-307145262596}.Debug|x64.Build.0 = Debug|x64
		{C0CEB146-75E1-3B96-AA3F-307145262596}.Release|x64.ActiveCfg = Release|x64
		{C0CEB146-75E1-3B96-AA3F-307145262596}.Release|x64.Build.0 = Release|x64
		{C0CEB146-75E1-3B96-AA3F-307145262596}.MinSizeRel|x64.ActiveCfg = MinSizeRel|x64
		{C0CEB146-75E1-3B96-AA3F-307145262596}.MinSizeRel|x64.Build.0 = MinSizeRel|x64
		{C0CEB146-75E1-3B96-AA3F-307145262596}.RelWithDebInfo|x64.ActiveCfg = RelWithDebInfo|x64
		{C0CEB146-75E1-3B96-AA3F-307145262596}.RelWithDebInfo|x64.Build.0 = RelWithDebInfo|x64
		{5E686E3F-72BE-36E4-89A9-8488278D1F55}.Debug|x64.ActiveCfg = Debug|x64
		{5E686E3F-72BE-36E4-89A9-8488278D1F55}.Debug|x64.Build.0 = Debug|x64
		{5E686E3F-72BE-36E4-89A9-8488278D1F55}.Release|x64.ActiveCfg = Release|x64
		{5E686E3F-72BE-36E4-89A9-8488278D1F55}.Release|x64.Build.0 = Release|x64
		{5E686E3F-72BE-36E4-89A9-8488278D1F55}.MinSizeRel|x64.ActiveCfg = MinSizeRel|x64
		{5E686E3F-72BE-36E4-89A9-8488278D1F55}.MinSizeRel|x64.Build.0 = MinSizeRel|x64
		{5E686E3F-72BE-36E4-89A9-8488278D1F55}.RelWithDebInfo|x64.ActiveCfg = RelWithDebInfo|x64
		{5E686E3F-72BE-36E4-89A9-8488278D1F55}.RelWithDebInfo|x64.Build.0 = RelWithDebInfo|x64
		{D71418D1-5C76-3BE3-AC4F-819794A945E7}.Debug|x64.ActiveCfg = Debug|x64
		{D71418D1-5C76-3BE3-AC4F-819794A945E7}.Debug|x64.Build.0 = Debug|x64
		{D71418D1-5C76-3BE3-AC4F-819794A945E7}.Release|x64.ActiveCfg = Release|x64
		{D71418D1-5C76-3BE3-AC4F-819794A945E7}.Release|x64.Build.0 = Release|x64
		{D71418D1-5C76-3BE3-AC4F-819794A945E7}.MinSizeRel|x64.ActiveCfg = MinSizeRel|x64
		{D71418D1-5C76-3BE3-AC4F-819794A945E7}.MinSizeRel|x64.Build.0 = MinSizeRel|x64
		{D71418D1-5C76-3BE3-AC4F-819794A945E7}.RelWithDebInfo|x64.ActiveCfg = RelWithDebInfo|x64
		{D71418D1-5C76-3BE3-AC4F-819794A945E7}.RelWithDebInfo|x64.Build.0 = RelWithDebInfo|x64
	EndGlobalSection
	GlobalSection(ExtensibilityGlobals) = postSolution
	EndGlobalSection
	GlobalSection(ExtensibilityAddIns) = postSolution
	EndGlobalSection
EndGlobal
